
Microsoft Visual Studio Solution File, Format Version 12.00
# Visual Studio Version 16
VisualStudioVersion = 16.0.30406.217
MinimumVisualStudioVersion = 10.0.40219.1
Project("{FAE04EC0-301F-11D3-BF4B-00C04F79EFBC}") = "demo", "CQRS_Implementation\demo.csproj", "{A474625E-EB9E-4632-A802-974BF70F6065}"
EndProject
Project("{FAE04EC0-301F-11D3-BF4B-00C04F79EFBC}") = "CQRS", "CQRS\CQRS.csproj", "{38F56445-44C6-462C-9A36-A16813DBD18E}"
EndProject
Global
	GlobalSection(SolutionConfigurationPlatforms) = preSolution
		Debug|Any CPU = Debug|Any CPU
		Release|Any CPU = Release|Any CPU
	EndGlobalSection
	GlobalSection(ProjectConfigurationPlatforms) = postSolution
		{A474625E-EB9E-4632-A802-974BF70F6065}.Debug|Any CPU.ActiveCfg = Debug|Any CPU
		{A474625E-EB9E-4632-A802-974BF70F6065}.Debug|Any CPU.Build.0 = Debug|Any CPU
		{A474625E-EB9E-4632-A802-974BF70F6065}.Release|Any CPU.ActiveCfg = Release|Any CPU
		{A474625E-EB9E-4632-A802-974BF70F6065}.Release|Any CPU.Build.0 = Release|Any CPU
		{38F56445-44C6-462C-9A36-A16813DBD18E}.Debug|Any CPU.ActiveCfg = Debug|Any CPU
		{38F56445-44C6-462C-9A36-A16813DBD18E}.Debug|Any CPU.Build.0 = Debug|Any CPU
		{38F56445-44C6-462C-9A36-A16813DBD18E}.Release|Any CPU.ActiveCfg = Release|Any CPU
		{38F56445-44C6-462C-9A36-A16813DBD18E}.Release|Any CPU.Build.0 = Release|Any CPU
	EndGlobalSection
	GlobalSection(SolutionProperties) = preSolution
		HideSolutionNode = FALSE
	EndGlobalSection
	GlobalSection(ExtensibilityGlobals) = postSolution
		SolutionGuid = {F00F796B-9465-444F-A10A-59CD9F23BD61}
	EndGlobalSection
EndGlobal
